
Microsoft Visual Studio Solution File, Format Version 12.00
# Visual Studio Version 16
VisualStudioVersion = 16.0.30804.86
MinimumVisualStudioVersion = 10.0.40219.1
Project("{FAE04EC0-301F-11D3-BF4B-00C04F79EFBC}") = "TestTriplet", "TestTriplet\TestTriplet.csproj", "{BA2C2FE1-902E-437A-A21A-8E6F0B03917A}"
EndProject
Global
	GlobalSection(SolutionConfigurationPlatforms) = preSolution
		Debug|Any CPU = Debug|Any CPU
		Release|Any CPU = Release|Any CPU
	EndGlobalSection
	GlobalSection(ProjectConfigurationPlatforms) = postSolution
		{BA2C2FE1-902E-437A-A21A-8E6F0B03917A}.Debug|Any CPU.ActiveCfg = Debug|Any CPU
		{BA2C2FE1-902E-437A-A21A-8E6F0B03917A}.Debug|Any CPU.Build.0 = Debug|Any CPU
		{BA2C2FE1-902E-437A-A21A-8E6F0B03917A}.Release|Any CPU.ActiveCfg = Release|Any CPU
		{BA2C2FE1-902E-437A-A21A-8E6F0B03917A}.Release|Any CPU.Build.0 = Release|Any CPU
	EndGlobalSection
	GlobalSection(SolutionProperties) = preSolution
		HideSolutionNode = FALSE
	EndGlobalSection
	GlobalSection(ExtensibilityGlobals) = postSolution
		SolutionGuid = {24F19C98-E9B2-450F-9866-E8982219FBAA}
	EndGlobalSection
EndGlobal
